
Microsoft Visual Studio Solution File, Format Version 12.00
# Visual Studio 2015
Project("{FAE04EC0-301F-11D3-BF4B-00C04F79EFBC}") = "MyTerrainGenerator.CSharp.Plugins", "MyTerrainGenerator.CSharp.Plugins.csproj", "{F24B7F31-A076-BFFA-8E7D-071F12D46B85}"
EndProject
Project("{FAE04EC0-301F-11D3-BF4B-00C04F79EFBC}") = "MyTerrainGenerator.CSharp", "MyTerrainGenerator.CSharp.csproj", "{FFCAA282-84A6-25A9-0E48-FF8597351F9E}"
EndProject
Project("{FAE04EC0-301F-11D3-BF4B-00C04F79EFBC}") = "MyTerrainGenerator.CSharp.Editor", "MyTerrainGenerator.CSharp.Editor.csproj", "{5690C7CC-3CAB-6831-50CC-8B8BD9A062F3}"
EndProject
Global
	GlobalSection(SolutionConfigurationPlatforms) = preSolution
		Debug|Any CPU = Debug|Any CPU
		Release|Any CPU = Release|Any CPU
	EndGlobalSection
	GlobalSection(ProjectConfigurationPlatforms) = postSolution
		{F24B7F31-A076-BFFA-8E7D-071F12D46B85}.Debug|Any CPU.ActiveCfg = Debug|Any CPU
		{F24B7F31-A076-BFFA-8E7D-071F12D46B85}.Debug|Any CPU.Build.0 = Debug|Any CPU
		{F24B7F31-A076-BFFA-8E7D-071F12D46B85}.Release|Any CPU.ActiveCfg = Release|Any CPU
		{F24B7F31-A076-BFFA-8E7D-071F12D46B85}.Release|Any CPU.Build.0 = Release|Any CPU
		{FFCAA282-84A6-25A9-0E48-FF8597351F9E}.Debug|Any CPU.ActiveCfg = Debug|Any CPU
		{FFCAA282-84A6-25A9-0E48-FF8597351F9E}.Debug|Any CPU.Build.0 = Debug|Any CPU
		{FFCAA282-84A6-25A9-0E48-FF8597351F9E}.Release|Any CPU.ActiveCfg = Release|Any CPU
		{FFCAA282-84A6-25A9-0E48-FF8597351F9E}.Release|Any CPU.Build.0 = Release|Any CPU
		{5690C7CC-3CAB-6831-50CC-8B8BD9A062F3}.Debug|Any CPU.ActiveCfg = Debug|Any CPU
		{5690C7CC-3CAB-6831-50CC-8B8BD9A062F3}.Debug|Any CPU.Build.0 = Debug|Any CPU
		{5690C7CC-3CAB-6831-50CC-8B8BD9A062F3}.Release|Any CPU.ActiveCfg = Release|Any CPU
		{5690C7CC-3CAB-6831-50CC-8B8BD9A062F3}.Release|Any CPU.Build.0 = Release|Any CPU
	EndGlobalSection
	GlobalSection(SolutionProperties) = preSolution
		HideSolutionNode = FALSE
	EndGlobalSection
EndGlobal
